{
  "name": "imap",
  "version": "0.8.19",
  "lockfileVersion": 1,
  "requires": true,
  "dependencies": {
    "utf7": {
      "version": "git+https://github.com/LoveAndCoding/utf7.git#99507f9dbf7c3c533279da14ea1c2373d91efa0a",
      "from": "git+https://github.com/LoveAndCoding/utf7.git"
    }
  }
}
